<?xml version="1.0" encoding="utf-8"?>
<Project ToolsVersion="4.0" xmlns="http://schemas.microsoft.com/developer/msbuild/2003">
  <ItemGroup>
    <ClCompile Include="main.cpp" />
    <ClCompile Include="menu\menu.cpp">
      <Filter>menu</Filter>
    </ClCompile>
    <ClCompile Include="world\world.cpp">
      <Filter>world</Filter>
    </ClCompile>
    <ClCompile Include="world\player_component.cpp">
      <Filter>world</Filter>
    </ClCompile>
    <ClCompile Include="menu\button_component.cpp">
      <Filter>menu</Filter>
    </ClCompile>
    <ClCompile Include="world\triggers.cpp">
      <Filter>world</Filter>
    </ClCompile>
    <ClCompile Include="menu\popup.cpp">
      <Filter>menu</Filter>
    </ClCompile>
    <ClCompile Include="menu\offline_game.cpp">
      <Filter>menu</Filter>
    </ClCompile>
    <ClCompile Include="world\lasers.cpp">
      <Filter>world</Filter>
    </ClCompile>
    <ClCompile Include="world\centinels.cpp">
      <Filter>world</Filter>
    </ClCompile>
  </ItemGroup>
  <ItemGroup>
    <Filter Include="menu">
      <UniqueIdentifier>{c3a8d6b5-f42f-4d90-85a7-da4407fb8a10}</UniqueIdentifier>
    </Filter>
    <Filter Include="world">
      <UniqueIdentifier>{4a3448ee-a996-456f-9d73-5573d589fee9}</UniqueIdentifier>
    </Filter>
  </ItemGroup>
  <ItemGroup>
    <ClInclude Include="menu\menu.h">
      <Filter>menu</Filter>
    </ClInclude>
    <ClInclude Include="world\world.h">
      <Filter>world</Filter>
    </ClInclude>
    <ClInclude Include="world\player_component.h">
      <Filter>world</Filter>
    </ClInclude>
    <ClInclude Include="menu\button_component.h">
      <Filter>menu</Filter>
    </ClInclude>
    <ClInclude Include="world\triggers.h">
      <Filter>world</Filter>
    </ClInclude>
    <ClInclude Include="menu\popup.h">
      <Filter>menu</Filter>
    </ClInclude>
    <ClInclude Include="menu\offline_game.h">
      <Filter>menu</Filter>
    </ClInclude>
    <ClInclude Include="world\lasers.h">
      <Filter>world</Filter>
    </ClInclude>
    <ClInclude Include="world\centinels.h">
      <Filter>world</Filter>
    </ClInclude>
  </ItemGroup>
</Project>